
Microsoft Visual Studio Solution File, Format Version 12.00
# Visual Studio 15
VisualStudioVersion = 15.0.27703.2026
MinimumVisualStudioVersion = 10.0.40219.1
Project("{FAE04EC0-301F-11D3-BF4B-00C04F79EFBC}") = "MyActivityLibrary", "MyActivityLibrary\MyActivityLibrary.csproj", "{9210E9DF-A805-4539-9A16-7FB59F7965D0}"
EndProject
Project("{FAE04EC0-301F-11D3-BF4B-00C04F79EFBC}") = "MyActivityLibrary.Design", "MyActivityLibrary.Design\MyActivityLibrary.Design.csproj", "{2E840FBB-AB92-4704-8B21-F9CFFB76A71E}"
EndProject
Project("{FAE04EC0-301F-11D3-BF4B-00C04F79EFBC}") = "DesignerWorkbench", "DesignerWorkbench\DesignerWorkbench.csproj", "{F3A76291-9D54-4322-B324-8DDC919F0ED4}"
EndProject
Project("{FAE04EC0-301F-11D3-BF4B-00C04F79EFBC}") = "Zell.CognitiveServices.Activities.Design", "..\..\Zell.CognitiveServices.Activities\Zell.CognitiveServices.Activities.Design\Zell.CognitiveServices.Activities.Design.csproj", "{981921F9-1BC2-4ACA-A9BB-705BB9373628}"
EndProject
Project("{FAE04EC0-301F-11D3-BF4B-00C04F79EFBC}") = "Zell.CognitiveServices.Activities", "..\..\Zell.CognitiveServices.Activities\Zell.CognitiveServices.Activities\Zell.CognitiveServices.Activities.csproj", "{18CA39C8-899C-4A12-BC16-3BF62ABD3A47}"
EndProject
Project("{FAE04EC0-301F-11D3-BF4B-00C04F79EFBC}") = "Zell.MLModels.Activities.Design", "..\..\Zell.MachineLearning.Activities\Zell.MLModels.Activities.Design\Zell.MLModels.Activities.Design.csproj", "{8CB4368F-B5D2-4DE8-ACAD-58560308A860}"
EndProject
Project("{FAE04EC0-301F-11D3-BF4B-00C04F79EFBC}") = "Zell.MLModels.Activities", "..\..\Zell.MachineLearning.Activities\Zell.MLModels.Activities\Zell.MLModels.Activities.csproj", "{FD523D68-F94C-4D78-8DB8-D357974D6553}"
EndProject
Global
	GlobalSection(SolutionConfigurationPlatforms) = preSolution
		Debug|Any CPU = Debug|Any CPU
		Debug|Mixed Platforms = Debug|Mixed Platforms
		Debug|x86 = Debug|x86
		Release|Any CPU = Release|Any CPU
		Release|Mixed Platforms = Release|Mixed Platforms
		Release|x86 = Release|x86
	EndGlobalSection
	GlobalSection(ProjectConfigurationPlatforms) = postSolution
		{9210E9DF-A805-4539-9A16-7FB59F7965D0}.Debug|Any CPU.ActiveCfg = Debug|Any CPU
		{9210E9DF-A805-4539-9A16-7FB59F7965D0}.Debug|Any CPU.Build.0 = Debug|Any CPU
		{9210E9DF-A805-4539-9A16-7FB59F7965D0}.Debug|Mixed Platforms.ActiveCfg = Debug|Any CPU
		{9210E9DF-A805-4539-9A16-7FB59F7965D0}.Debug|Mixed Platforms.Build.0 = Debug|Any CPU
		{9210E9DF-A805-4539-9A16-7FB59F7965D0}.Debug|x86.ActiveCfg = Debug|Any CPU
		{9210E9DF-A805-4539-9A16-7FB59F7965D0}.Release|Any CPU.ActiveCfg = Release|Any CPU
		{9210E9DF-A805-4539-9A16-7FB59F7965D0}.Release|Any CPU.Build.0 = Release|Any CPU
		{9210E9DF-A805-4539-9A16-7FB59F7965D0}.Release|Mixed Platforms.ActiveCfg = Release|Any CPU
		{9210E9DF-A805-4539-9A16-7FB59F7965D0}.Release|Mixed Platforms.Build.0 = Release|Any CPU
		{9210E9DF-A805-4539-9A16-7FB59F7965D0}.Release|x86.ActiveCfg = Release|Any CPU
		{2E840FBB-AB92-4704-8B21-F9CFFB76A71E}.Debug|Any CPU.ActiveCfg = Debug|Any CPU
		{2E840FBB-AB92-4704-8B21-F9CFFB76A71E}.Debug|Any CPU.Build.0 = Debug|Any CPU
		{2E840FBB-AB92-4704-8B21-F9CFFB76A71E}.Debug|Mixed Platforms.ActiveCfg = Debug|Any CPU
		{2E840FBB-AB92-4704-8B21-F9CFFB76A71E}.Debug|Mixed Platforms.Build.0 = Debug|Any CPU
		{2E840FBB-AB92-4704-8B21-F9CFFB76A71E}.Debug|x86.ActiveCfg = Debug|Any CPU
		{2E840FBB-AB92-4704-8B21-F9CFFB76A71E}.Release|Any CPU.ActiveCfg = Release|Any CPU
		{2E840FBB-AB92-4704-8B21-F9CFFB76A71E}.Release|Any CPU.Build.0 = Release|Any CPU
		{2E840FBB-AB92-4704-8B21-F9CFFB76A71E}.Release|Mixed Platforms.ActiveCfg = Release|Any CPU
		{2E840FBB-AB92-4704-8B21-F9CFFB76A71E}.Release|Mixed Platforms.Build.0 = Release|Any CPU
		{2E840FBB-AB92-4704-8B21-F9CFFB76A71E}.Release|x86.ActiveCfg = Release|Any CPU
		{F3A76291-9D54-4322-B324-8DDC919F0ED4}.Debug|Any CPU.ActiveCfg = Debug|x86
		{F3A76291-9D54-4322-B324-8DDC919F0ED4}.Debug|Mixed Platforms.ActiveCfg = Debug|x86
		{F3A76291-9D54-4322-B324-8DDC919F0ED4}.Debug|Mixed Platforms.Build.0 = Debug|x86
		{F3A76291-9D54-4322-B324-8DDC919F0ED4}.Debug|x86.ActiveCfg = Debug|x86
		{F3A76291-9D54-4322-B324-8DDC919F0ED4}.Debug|x86.Build.0 = Debug|x86
		{F3A76291-9D54-4322-B324-8DDC919F0ED4}.Release|Any CPU.ActiveCfg = Release|x86
		{F3A76291-9D54-4322-B324-8DDC919F0ED4}.Release|Mixed Platforms.ActiveCfg = Release|x86
		{F3A76291-9D54-4322-B324-8DDC919F0ED4}.Release|Mixed Platforms.Build.0 = Release|x86
		{F3A76291-9D54-4322-B324-8DDC919F0ED4}.Release|x86.ActiveCfg = Release|x86
		{F3A76291-9D54-4322-B324-8DDC919F0ED4}.Release|x86.Build.0 = Release|x86
		{981921F9-1BC2-4ACA-A9BB-705BB9373628}.Debug|Any CPU.ActiveCfg = Debug|Any CPU
		{981921F9-1BC2-4ACA-A9BB-705BB9373628}.Debug|Any CPU.Build.0 = Debug|Any CPU
		{981921F9-1BC2-4ACA-A9BB-705BB9373628}.Debug|Mixed Platforms.ActiveCfg = Debug|Any CPU
		{981921F9-1BC2-4ACA-A9BB-705BB9373628}.Debug|Mixed Platforms.Build.0 = Debug|Any CPU
		{981921F9-1BC2-4ACA-A9BB-705BB9373628}.Debug|x86.ActiveCfg = Debug|Any CPU
		{981921F9-1BC2-4ACA-A9BB-705BB9373628}.Debug|x86.Build.0 = Debug|Any CPU
		{981921F9-1BC2-4ACA-A9BB-705BB9373628}.Release|Any CPU.ActiveCfg = Release|Any CPU
		{981921F9-1BC2-4ACA-A9BB-705BB9373628}.Release|Any CPU.Build.0 = Release|Any CPU
		{981921F9-1BC2-4ACA-A9BB-705BB9373628}.Release|Mixed Platforms.ActiveCfg = Release|Any CPU
		{981921F9-1BC2-4ACA-A9BB-705BB9373628}.Release|Mixed Platforms.Build.0 = Release|Any CPU
		{981921F9-1BC2-4ACA-A9BB-705BB9373628}.Release|x86.ActiveCfg = Release|Any CPU
		{981921F9-1BC2-4ACA-A9BB-705BB9373628}.Release|x86.Build.0 = Release|Any CPU
		{18CA39C8-899C-4A12-BC16-3BF62ABD3A47}.Debug|Any CPU.ActiveCfg = Debug|Any CPU
		{18CA39C8-899C-4A12-BC16-3BF62ABD3A47}.Debug|Any CPU.Build.0 = Debug|Any CPU
		{18CA39C8-899C-4A12-BC16-3BF62ABD3A47}.Debug|Mixed Platforms.ActiveCfg = Debug|Any CPU
		{18CA39C8-899C-4A12-BC16-3BF62ABD3A47}.Debug|Mixed Platforms.Build.0 = Debug|Any CPU
		{18CA39C8-899C-4A12-BC16-3BF62ABD3A47}.Debug|x86.ActiveCfg = Debug|Any CPU
		{18CA39C8-899C-4A12-BC16-3BF62ABD3A47}.Debug|x86.Build.0 = Debug|Any CPU
		{18CA39C8-899C-4A12-BC16-3BF62ABD3A47}.Release|Any CPU.ActiveCfg = Release|Any CPU
		{18CA39C8-899C-4A12-BC16-3BF62ABD3A47}.Release|Any CPU.Build.0 = Release|Any CPU
		{18CA39C8-899C-4A12-BC16-3BF62ABD3A47}.Release|Mixed Platforms.ActiveCfg = Release|Any CPU
		{18CA39C8-899C-4A12-BC16-3BF62ABD3A47}.Release|Mixed Platforms.Build.0 = Release|Any CPU
		{18CA39C8-899C-4A12-BC16-3BF62ABD3A47}.Release|x86.ActiveCfg = Release|Any CPU
		{18CA39C8-899C-4A12-BC16-3BF62ABD3A47}.Release|x86.Build.0 = Release|Any CPU
		{8CB4368F-B5D2-4DE8-ACAD-58560308A860}.Debug|Any CPU.ActiveCfg = Debug|Any CPU
		{8CB4368F-B5D2-4DE8-ACAD-58560308A860}.Debug|Any CPU.Build.0 = Debug|Any CPU
		{8CB4368F-B5D2-4DE8-ACAD-58560308A860}.Debug|Mixed Platforms.ActiveCfg = Debug|Any CPU
		{8CB4368F-B5D2-4DE8-ACAD-58560308A860}.Debug|Mixed Platforms.Build.0 = Debug|Any CPU
		{8CB4368F-B5D2-4DE8-ACAD-58560308A860}.Debug|x86.ActiveCfg = Debug|Any CPU
		{8CB4368F-B5D2-4DE8-ACAD-58560308A860}.Debug|x86.Build.0 = Debug|Any CPU
		{8CB4368F-B5D2-4DE8-ACAD-58560308A860}.Release|Any CPU.ActiveCfg = Release|Any CPU
		{8CB4368F-B5D2-4DE8-ACAD-58560308A860}.Release|Any CPU.Build.0 = Release|Any CPU
		{8CB4368F-B5D2-4DE8-ACAD-58560308A860}.Release|Mixed Platforms.ActiveCfg = Release|Any CPU
		{8CB4368F-B5D2-4DE8-ACAD-58560308A860}.Release|Mixed Platforms.Build.0 = Release|Any CPU
		{8CB4368F-B5D2-4DE8-ACAD-58560308A860}.Release|x86.ActiveCfg = Release|Any CPU
		{8CB4368F-B5D2-4DE8-ACAD-58560308A860}.Release|x86.Build.0 = Release|Any CPU
		{FD523D68-F94C-4D78-8DB8-D357974D6553}.Debug|Any CPU.ActiveCfg = Debug|Any CPU
		{FD523D68-F94C-4D78-8DB8-D357974D6553}.Debug|Any CPU.Build.0 = Debug|Any CPU
		{FD523D68-F94C-4D78-8DB8-D357974D6553}.Debug|Mixed Platforms.ActiveCfg = Debug|Any CPU
		{FD523D68-F94C-4D78-8DB8-D357974D6553}.Debug|Mixed Platforms.Build.0 = Debug|Any CPU
		{FD523D68-F94C-4D78-8DB8-D357974D6553}.Debug|x86.ActiveCfg = Debug|Any CPU
		{FD523D68-F94C-4D78-8DB8-D357974D6553}.Debug|x86.Build.0 = Debug|Any CPU
		{FD523D68-F94C-4D78-8DB8-D357974D6553}.Release|Any CPU.ActiveCfg = Release|Any CPU
		{FD523D68-F94C-4D78-8DB8-D357974D6553}.Release|Any CPU.Build.0 = Release|Any CPU
		{FD523D68-F94C-4D78-8DB8-D357974D6553}.Release|Mixed Platforms.ActiveCfg = Release|Any CPU
		{FD523D68-F94C-4D78-8DB8-D357974D6553}.Release|Mixed Platforms.Build.0 = Release|Any CPU
		{FD523D68-F94C-4D78-8DB8-D357974D6553}.Release|x86.ActiveCfg = Release|Any CPU
		{FD523D68-F94C-4D78-8DB8-D357974D6553}.Release|x86.Build.0 = Release|Any CPU
	EndGlobalSection
	GlobalSection(SolutionProperties) = preSolution
		HideSolutionNode = FALSE
	EndGlobalSection
	GlobalSection(ExtensibilityGlobals) = postSolution
		SolutionGuid = {AD4F4016-B385-4515-80F0-840D2F87BBC6}
	EndGlobalSection
EndGlobal
